
Microsoft Visual Studio Solution File, Format Version 12.00
# Visual Studio Version 16
VisualStudioVersion = 16.0.33214.272
MinimumVisualStudioVersion = 10.0.40219.1
Project("{9A19103F-16F7-4668-BE54-9A1E7A4F7556}") = "Dotnet-Core-Webapi-Demo", "Dotnet-Core-Webapi-Demo\Dotnet-Core-Webapi-Demo.csproj", "{4BB8AA53-9DA8-4768-B4A7-5A36CEA2326A}"
EndProject
Global
	GlobalSection(SolutionConfigurationPlatforms) = preSolution
		Debug|Any CPU = Debug|Any CPU
		Release|Any CPU = Release|Any CPU
	EndGlobalSection
	GlobalSection(ProjectConfigurationPlatforms) = postSolution
		{4BB8AA53-9DA8-4768-B4A7-5A36CEA2326A}.Debug|Any CPU.ActiveCfg = Debug|Any CPU
		{4BB8AA53-9DA8-4768-B4A7-5A36CEA2326A}.Debug|Any CPU.Build.0 = Debug|Any CPU
		{4BB8AA53-9DA8-4768-B4A7-5A36CEA2326A}.Release|Any CPU.ActiveCfg = Release|Any CPU
		{4BB8AA53-9DA8-4768-B4A7-5A36CEA2326A}.Release|Any CPU.Build.0 = Release|Any CPU
	EndGlobalSection
	GlobalSection(SolutionProperties) = preSolution
		HideSolutionNode = FALSE
	EndGlobalSection
	GlobalSection(ExtensibilityGlobals) = postSolution
		SolutionGuid = {356F663C-7420-4D7E-9919-D69380BF63FD}
	EndGlobalSection
EndGlobal
